{
    "version": 3,
    "terraform_version": "0.11.7",
    "serial": 2,
    "lineage": "4bc593e5-e681-3a70-dcf6-2496c7a2b2a6",
    "modules": [
        {
            "path": [
                "root"
            ],
            "outputs": {
                "aws_elb_api_fqdn": {
                    "sensitive": false,
                    "type": "string",
                    "value": "kubernetes-elb-gothereum-1903290742.us-east-1.elb.amazonaws.com:6443"
                },
                "bastion_ip": {
                    "sensitive": false,
                    "type": "string",
                    "value": "34.229.153.207\n54.91.21.87"
                },
                "default_tags": {
                    "sensitive": false,
                    "type": "map",
                    "value": {}
                },
                "etcd": {
                    "sensitive": false,
                    "type": "string",
                    "value": "10.250.198.127\n10.250.216.155\n10.250.203.76"
                },
                "inventory": {
                    "sensitive": false,
                    "type": "string",
                    "value": "[all]\nkubernetes-gothereum-master0 ansible_host=10.250.193.80\nkubernetes-gothereum-master1 ansible_host=10.250.219.51\nkubernetes-gothereum-master2 ansible_host=10.250.193.73\nkubernetes-gothereum-worker0 ansible_host=10.250.194.17\nkubernetes-gothereum-worker1 ansible_host=10.250.215.73\nkubernetes-gothereum-worker2 ansible_host=10.250.203.68\nkubernetes-gothereum-worker3 ansible_host=10.250.211.36\nkubernetes-gothereum-etcd0 ansible_host=10.250.198.127\nkubernetes-gothereum-etcd1 ansible_host=10.250.216.155\nkubernetes-gothereum-etcd2 ansible_host=10.250.203.76\n\n\nbastion ansible_host=34.229.153.207\nbastion ansible_host=54.91.21.87\n\n[kube-master]\nkubernetes-gothereum-master0\nkubernetes-gothereum-master1\nkubernetes-gothereum-master2\n\n\n[kube-node]\nkubernetes-gothereum-worker0\nkubernetes-gothereum-worker1\nkubernetes-gothereum-worker2\nkubernetes-gothereum-worker3\n\n\n[etcd]\nkubernetes-gothereum-etcd0\nkubernetes-gothereum-etcd1\nkubernetes-gothereum-etcd2\n\n\n[k8s-cluster:children]\nkube-node\nkube-master\n\n\n[k8s-cluster:vars]\napiserver_loadbalancer_domain_name=\"kubernetes-elb-gothereum-1903290742.us-east-1.elb.amazonaws.com\""
                },
                "masters": {
                    "sensitive": false,
                    "type": "string",
                    "value": "10.250.193.80\n10.250.219.51\n10.250.193.73"
                },
                "workers": {
                    "sensitive": false,
                    "type": "string",
                    "value": "10.250.194.17\n10.250.215.73\n10.250.203.68\n10.250.211.36"
                }
            },
            "resources": {
                "aws_elb_attachment.attach_master_nodes.0": {
                    "type": "aws_elb_attachment",
                    "depends_on": [
                        "aws_instance.k8s-master.*",
                        "module.aws-elb"
                    ],
                    "primary": {
                        "id": "kubernetes-elb-gothereum-20180601231616899400000001",
                        "attributes": {
                            "elb": "kubernetes-elb-gothereum",
                            "id": "kubernetes-elb-gothereum-20180601231616899400000001",
                            "instance": "i-06abbb90716c62575"
                        },
                        "meta": {},
                        "tainted": false
                    },
                    "deposed": [],
                    "provider": "provider.aws"
                },
                "aws_elb_attachment.attach_master_nodes.1": {
                    "type": "aws_elb_attachment",
                    "depends_on": [
                        "aws_instance.k8s-master.*",
                        "module.aws-elb"
                    ],
                    "primary": {
                        "id": "kubernetes-elb-gothereum-20180601231616911900000002",
                        "attributes": {
                            "elb": "kubernetes-elb-gothereum",
                            "id": "kubernetes-elb-gothereum-20180601231616911900000002",
                            "instance": "i-0f0572268788701d9"
                        },
                        "meta": {},
                        "tainted": false
                    },
                    "deposed": [],
                    "provider": "provider.aws"
                },
                "aws_elb_attachment.attach_master_nodes.2": {
                    "type": "aws_elb_attachment",
                    "depends_on": [
                        "aws_instance.k8s-master.*",
                        "module.aws-elb"
                    ],
                    "primary": {
                        "id": "kubernetes-elb-gothereum-20180601231617214800000003",
                        "attributes": {
                            "elb": "kubernetes-elb-gothereum",
                            "id": "kubernetes-elb-gothereum-20180601231617214800000003",
                            "instance": "i-00b2aa459453b17a0"
                        },
                        "meta": {},
                        "tainted": false
                    },
                    "deposed": [],
                    "provider": "provider.aws"
                },
                "aws_instance.bastion-server.0": {
                    "type": "aws_instance",
                    "depends_on": [
                        "data.aws_ami.distro",
                        "data.aws_availability_zones.available",
                        "module.aws-vpc"
                    ],
                    "primary": {
                        "id": "i-036dc3316f3b518a9",
                        "attributes": {
                            "ami": "ami-223f535d",
                            "associate_public_ip_address": "true",
                            "availability_zone": "us-east-1a",
                            "credit_specification.#": "1",
                            "credit_specification.0.cpu_credits": "standard",
                            "disable_api_termination": "false",
                            "ebs_block_device.#": "0",
                            "ebs_optimized": "false",
                            "ephemeral_block_device.#": "0",
                            "get_password_data": "false",
                            "iam_instance_profile": "",
                            "id": "i-036dc3316f3b518a9",
                            "instance_state": "running",
                            "instance_type": "t2.micro",
                            "ipv6_addresses.#": "0",
                            "key_name": "atomic",
                            "monitoring": "false",
                            "network_interface.#": "0",
                            "network_interface_id": "eni-0965a628520aa541f",
                            "password_data": "",
                            "placement_group": "",
                            "primary_network_interface_id": "eni-0965a628520aa541f",
                            "private_dns": "ip-10-250-225-231.ec2.internal",
                            "private_ip": "10.250.225.231",
                            "public_dns": "ec2-34-229-153-207.compute-1.amazonaws.com",
                            "public_ip": "34.229.153.207",
                            "root_block_device.#": "1",
                            "root_block_device.0.delete_on_termination": "true",
                            "root_block_device.0.iops": "0",
                            "root_block_device.0.volume_id": "vol-087be3a70caf74a80",
                            "root_block_device.0.volume_size": "6",
                            "root_block_device.0.volume_type": "standard",
                            "security_groups.#": "0",
                            "source_dest_check": "true",
                            "subnet_id": "subnet-0c01204510f051fab",
                            "tags.%": "3",
                            "tags.Cluster": "gothereum",
                            "tags.Name": "kubernetes-gothereum-bastion-0",
                            "tags.Role": "bastion-gothereum-0",
                            "tenancy": "default",
                            "volume_tags.%": "0",
                            "vpc_security_group_ids.#": "1",
                            "vpc_security_group_ids.536571595": "sg-09a8f164e48d5c142"
                        },
                        "meta": {
                            "e2bfb730-ecaa-11e6-8f88-34363bc7c4c0": {
                                "create": 600000000000,
                                "delete": 1200000000000,
                                "update": 600000000000
                            },
                            "schema_version": "1"
                        },
                        "tainted": false
                    },
                    "deposed": [],
                    "provider": "provider.aws"
                },
                "aws_instance.bastion-server.1": {
                    "type": "aws_instance",
                    "depends_on": [
                        "data.aws_ami.distro",
                        "data.aws_availability_zones.available",
                        "module.aws-vpc"
                    ],
                    "primary": {
                        "id": "i-06e34061b87cd017a",
                        "attributes": {
                            "ami": "ami-223f535d",
                            "associate_public_ip_address": "true",
                            "availability_zone": "us-east-1b",
                            "credit_specification.#": "1",
                            "credit_specification.0.cpu_credits": "standard",
                            "disable_api_termination": "false",
                            "ebs_block_device.#": "0",
                            "ebs_optimized": "false",
                            "ephemeral_block_device.#": "0",
                            "get_password_data": "false",
                            "iam_instance_profile": "",
                            "id": "i-06e34061b87cd017a",
                            "instance_state": "running",
                            "instance_type": "t2.micro",
                            "ipv6_addresses.#": "0",
                            "key_name": "atomic",
                            "monitoring": "false",
                            "network_interface.#": "0",
                            "network_interface_id": "eni-0908cb2c1bd4f165b",
                            "password_data": "",
                            "placement_group": "",
                            "primary_network_interface_id": "eni-0908cb2c1bd4f165b",
                            "private_dns": "ip-10-250-248-64.ec2.internal",
                            "private_ip": "10.250.248.64",
                            "public_dns": "ec2-54-91-21-87.compute-1.amazonaws.com",
                            "public_ip": "54.91.21.87",
                            "root_block_device.#": "1",
                            "root_block_device.0.delete_on_termination": "true",
                            "root_block_device.0.iops": "0",
                            "root_block_device.0.volume_id": "vol-0f956e9d9a18a1dbb",
                            "root_block_device.0.volume_size": "6",
                            "root_block_device.0.volume_type": "standard",
                            "security_groups.#": "0",
                            "source_dest_check": "true",
                            "subnet_id": "subnet-08188fc41ecdebaa7",
                            "tags.%": "3",
                            "tags.Cluster": "gothereum",
                            "tags.Name": "kubernetes-gothereum-bastion-1",
                            "tags.Role": "bastion-gothereum-1",
                            "tenancy": "default",
                            "volume_tags.%": "0",
                            "vpc_security_group_ids.#": "1",
                            "vpc_security_group_ids.536571595": "sg-09a8f164e48d5c142"
                        },
                        "meta": {
                            "e2bfb730-ecaa-11e6-8f88-34363bc7c4c0": {
                                "create": 600000000000,
                                "delete": 1200000000000,
                                "update": 600000000000
                            },
                            "schema_version": "1"
                        },
                        "tainted": false
                    },
                    "deposed": [],
                    "provider": "provider.aws"
                },
                "aws_instance.k8s-etcd.0": {
                    "type": "aws_instance",
                    "depends_on": [
                        "data.aws_ami.distro",
                        "data.aws_availability_zones.available",
                        "module.aws-vpc"
                    ],
                    "primary": {
                        "id": "i-09fdb5e71515671a4",
                        "attributes": {
                            "ami": "ami-223f535d",
                            "associate_public_ip_address": "false",
                            "availability_zone": "us-east-1a",
                            "credit_specification.#": "1",
                            "credit_specification.0.cpu_credits": "standard",
                            "disable_api_termination": "false",
                            "ebs_block_device.#": "0",
                            "ebs_optimized": "false",
                            "ephemeral_block_device.#": "0",
                            "get_password_data": "false",
                            "iam_instance_profile": "",
                            "id": "i-09fdb5e71515671a4",
                            "instance_state": "running",
                            "instance_type": "t2.micro",
                            "ipv6_addresses.#": "0",
                            "key_name": "atomic",
                            "monitoring": "false",
                            "network_interface.#": "0",
                            "network_interface_id": "eni-0ab9300873c630236",
                            "password_data": "",
                            "placement_group": "",
                            "primary_network_interface_id": "eni-0ab9300873c630236",
                            "private_dns": "ip-10-250-198-127.ec2.internal",
                            "private_ip": "10.250.198.127",
                            "public_dns": "",
                            "public_ip": "",
                            "root_block_device.#": "1",
                            "root_block_device.0.delete_on_termination": "true",
                            "root_block_device.0.iops": "0",
                            "root_block_device.0.volume_id": "vol-0194066ba566e6b73",
                            "root_block_device.0.volume_size": "6",
                            "root_block_device.0.volume_type": "standard",
                            "security_groups.#": "0",
                            "source_dest_check": "true",
                            "subnet_id": "subnet-03c721caac2946126",
                            "tags.%": "3",
                            "tags.Name": "kubernetes-gothereum-etcd0",
                            "tags.Role": "etcd",
                            "tags.kubernetes.io/cluster/gothereum": "member",
                            "tenancy": "default",
                            "volume_tags.%": "0",
                            "vpc_security_group_ids.#": "1",
                            "vpc_security_group_ids.536571595": "sg-09a8f164e48d5c142"
                        },
                        "meta": {
                            "e2bfb730-ecaa-11e6-8f88-34363bc7c4c0": {
                                "create": 600000000000,
                                "delete": 1200000000000,
                                "update": 600000000000
                            },
                            "schema_version": "1"
                        },
                        "tainted": false
                    },
                    "deposed": [],
                    "provider": "provider.aws"
                },
                "aws_instance.k8s-etcd.1": {
                    "type": "aws_instance",
                    "depends_on": [
                        "data.aws_ami.distro",
                        "data.aws_availability_zones.available",
                        "module.aws-vpc"
                    ],
                    "primary": {
                        "id": "i-01f5da70b3d160f08",
                        "attributes": {
                            "ami": "ami-223f535d",
                            "associate_public_ip_address": "false",
                            "availability_zone": "us-east-1b",
                            "credit_specification.#": "1",
                            "credit_specification.0.cpu_credits": "standard",
                            "disable_api_termination": "false",
                            "ebs_block_device.#": "0",
                            "ebs_optimized": "false",
                            "ephemeral_block_device.#": "0",
                            "get_password_data": "false",
                            "iam_instance_profile": "",
                            "id": "i-01f5da70b3d160f08",
                            "instance_state": "running",
                            "instance_type": "t2.micro",
                            "ipv6_addresses.#": "0",
                            "key_name": "atomic",
                            "monitoring": "false",
                            "network_interface.#": "0",
                            "network_interface_id": "eni-07c9e8d5d45ee0aa7",
                            "password_data": "",
                            "placement_group": "",
                            "primary_network_interface_id": "eni-07c9e8d5d45ee0aa7",
                            "private_dns": "ip-10-250-216-155.ec2.internal",
                            "private_ip": "10.250.216.155",
                            "public_dns": "",
                            "public_ip": "",
                            "root_block_device.#": "1",
                            "root_block_device.0.delete_on_termination": "true",
                            "root_block_device.0.iops": "0",
                            "root_block_device.0.volume_id": "vol-0fe0a6d316697d8d3",
                            "root_block_device.0.volume_size": "6",
                            "root_block_device.0.volume_type": "standard",
                            "security_groups.#": "0",
                            "source_dest_check": "true",
                            "subnet_id": "subnet-06ae47de322eafce1",
                            "tags.%": "3",
                            "tags.Name": "kubernetes-gothereum-etcd1",
                            "tags.Role": "etcd",
                            "tags.kubernetes.io/cluster/gothereum": "member",
                            "tenancy": "default",
                            "volume_tags.%": "0",
                            "vpc_security_group_ids.#": "1",
                            "vpc_security_group_ids.536571595": "sg-09a8f164e48d5c142"
                        },
                        "meta": {
                            "e2bfb730-ecaa-11e6-8f88-34363bc7c4c0": {
                                "create": 600000000000,
                                "delete": 1200000000000,
                                "update": 600000000000
                            },
                            "schema_version": "1"
                        },
                        "tainted": false
                    },
                    "deposed": [],
                    "provider": "provider.aws"
                },
                "aws_instance.k8s-etcd.2": {
                    "type": "aws_instance",
                    "depends_on": [
                        "data.aws_ami.distro",
                        "data.aws_availability_zones.available",
                        "module.aws-vpc"
                    ],
                    "primary": {
                        "id": "i-015f3eb664b42a971",
                        "attributes": {
                            "ami": "ami-223f535d",
                            "associate_public_ip_address": "false",
                            "availability_zone": "us-east-1a",
                            "credit_specification.#": "1",
                            "credit_specification.0.cpu_credits": "standard",
                            "disable_api_termination": "false",
                            "ebs_block_device.#": "0",
                            "ebs_optimized": "false",
                            "ephemeral_block_device.#": "0",
                            "get_password_data": "false",
                            "iam_instance_profile": "",
                            "id": "i-015f3eb664b42a971",
                            "instance_state": "running",
                            "instance_type": "t2.micro",
                            "ipv6_addresses.#": "0",
                            "key_name": "atomic",
                            "monitoring": "false",
                            "network_interface.#": "0",
                            "network_interface_id": "eni-04ace63a163cb2136",
                            "password_data": "",
                            "placement_group": "",
                            "primary_network_interface_id": "eni-04ace63a163cb2136",
                            "private_dns": "ip-10-250-203-76.ec2.internal",
                            "private_ip": "10.250.203.76",
                            "public_dns": "",
                            "public_ip": "",
                            "root_block_device.#": "1",
                            "root_block_device.0.delete_on_termination": "true",
                            "root_block_device.0.iops": "0",
                            "root_block_device.0.volume_id": "vol-0b86e4cc26706e424",
                            "root_block_device.0.volume_size": "6",
                            "root_block_device.0.volume_type": "standard",
                            "security_groups.#": "0",
                            "source_dest_check": "true",
                            "subnet_id": "subnet-03c721caac2946126",
                            "tags.%": "3",
                            "tags.Name": "kubernetes-gothereum-etcd2",
                            "tags.Role": "etcd",
                            "tags.kubernetes.io/cluster/gothereum": "member",
                            "tenancy": "default",
                            "volume_tags.%": "0",
                            "vpc_security_group_ids.#": "1",
                            "vpc_security_group_ids.536571595": "sg-09a8f164e48d5c142"
                        },
                        "meta": {
                            "e2bfb730-ecaa-11e6-8f88-34363bc7c4c0": {
                                "create": 600000000000,
                                "delete": 1200000000000,
                                "update": 600000000000
                            },
                            "schema_version": "1"
                        },
                        "tainted": false
                    },
                    "deposed": [],
                    "provider": "provider.aws"
                },
                "aws_instance.k8s-master.0": {
                    "type": "aws_instance",
                    "depends_on": [
                        "data.aws_ami.distro",
                        "data.aws_availability_zones.available",
                        "module.aws-iam",
                        "module.aws-vpc"
                    ],
                    "primary": {
                        "id": "i-06abbb90716c62575",
                        "attributes": {
                            "ami": "ami-223f535d",
                            "associate_public_ip_address": "false",
                            "availability_zone": "us-east-1a",
                            "credit_specification.#": "1",
                            "credit_specification.0.cpu_credits": "standard",
                            "disable_api_termination": "false",
                            "ebs_block_device.#": "0",
                            "ebs_optimized": "false",
                            "ephemeral_block_device.#": "0",
                            "get_password_data": "false",
                            "iam_instance_profile": "kube_gothereum_master_profile",
                            "id": "i-06abbb90716c62575",
                            "instance_state": "running",
                            "instance_type": "t2.micro",
                            "ipv6_addresses.#": "0",
                            "key_name": "atomic",
                            "monitoring": "false",
                            "network_interface.#": "0",
                            "network_interface_id": "eni-0341bcbc61a269e41",
                            "password_data": "",
                            "placement_group": "",
                            "primary_network_interface_id": "eni-0341bcbc61a269e41",
                            "private_dns": "ip-10-250-193-80.ec2.internal",
                            "private_ip": "10.250.193.80",
                            "public_dns": "",
                            "public_ip": "",
                            "root_block_device.#": "1",
                            "root_block_device.0.delete_on_termination": "true",
                            "root_block_device.0.iops": "0",
                            "root_block_device.0.volume_id": "vol-0a7ef462d310dbd42",
                            "root_block_device.0.volume_size": "6",
                            "root_block_device.0.volume_type": "standard",
                            "security_groups.#": "0",
                            "source_dest_check": "true",
                            "subnet_id": "subnet-03c721caac2946126",
                            "tags.%": "3",
                            "tags.Name": "kubernetes-gothereum-master0",
                            "tags.Role": "master",
                            "tags.kubernetes.io/cluster/gothereum": "member",
                            "tenancy": "default",
                            "volume_tags.%": "0",
                            "vpc_security_group_ids.#": "1",
                            "vpc_security_group_ids.536571595": "sg-09a8f164e48d5c142"
                        },
                        "meta": {
                            "e2bfb730-ecaa-11e6-8f88-34363bc7c4c0": {
                                "create": 600000000000,
                                "delete": 1200000000000,
                                "update": 600000000000
                            },
                            "schema_version": "1"
                        },
                        "tainted": false
                    },
                    "deposed": [],
                    "provider": "provider.aws"
                },
                "aws_instance.k8s-master.1": {
                    "type": "aws_instance",
                    "depends_on": [
                        "data.aws_ami.distro",
                        "data.aws_availability_zones.available",
                        "module.aws-iam",
                        "module.aws-vpc"
                    ],
                    "primary": {
                        "id": "i-0f0572268788701d9",
                        "attributes": {
                            "ami": "ami-223f535d",
                            "associate_public_ip_address": "false",
                            "availability_zone": "us-east-1b",
                            "credit_specification.#": "1",
                            "credit_specification.0.cpu_credits": "standard",
                            "disable_api_termination": "false",
                            "ebs_block_device.#": "0",
                            "ebs_optimized": "false",
                            "ephemeral_block_device.#": "0",
                            "get_password_data": "false",
                            "iam_instance_profile": "kube_gothereum_master_profile",
                            "id": "i-0f0572268788701d9",
                            "instance_state": "running",
                            "instance_type": "t2.micro",
                            "ipv6_addresses.#": "0",
                            "key_name": "atomic",
                            "monitoring": "false",
                            "network_interface.#": "0",
                            "network_interface_id": "eni-0c55a4eda582f67a9",
                            "password_data": "",
                            "placement_group": "",
                            "primary_network_interface_id": "eni-0c55a4eda582f67a9",
                            "private_dns": "ip-10-250-219-51.ec2.internal",
                            "private_ip": "10.250.219.51",
                            "public_dns": "",
                            "public_ip": "",
                            "root_block_device.#": "1",
                            "root_block_device.0.delete_on_termination": "true",
                            "root_block_device.0.iops": "0",
                            "root_block_device.0.volume_id": "vol-0a0aa55e947e48984",
                            "root_block_device.0.volume_size": "6",
                            "root_block_device.0.volume_type": "standard",
                            "security_groups.#": "0",
                            "source_dest_check": "true",
                            "subnet_id": "subnet-06ae47de322eafce1",
                            "tags.%": "3",
                            "tags.Name": "kubernetes-gothereum-master1",
                            "tags.Role": "master",
                            "tags.kubernetes.io/cluster/gothereum": "member",
                            "tenancy": "default",
                            "volume_tags.%": "0",
                            "vpc_security_group_ids.#": "1",
                            "vpc_security_group_ids.536571595": "sg-09a8f164e48d5c142"
                        },
                        "meta": {
                            "e2bfb730-ecaa-11e6-8f88-34363bc7c4c0": {
                                "create": 600000000000,
                                "delete": 1200000000000,
                                "update": 600000000000
                            },
                            "schema_version": "1"
                        },
                        "tainted": false
                    },
                    "deposed": [],
                    "provider": "provider.aws"
                },
                "aws_instance.k8s-master.2": {
                    "type": "aws_instance",
                    "depends_on": [
                        "data.aws_ami.distro",
                        "data.aws_availability_zones.available",
                        "module.aws-iam",
                        "module.aws-vpc"
                    ],
                    "primary": {
                        "id": "i-00b2aa459453b17a0",
                        "attributes": {
                            "ami": "ami-223f535d",
                            "associate_public_ip_address": "false",
                            "availability_zone": "us-east-1a",
                            "credit_specification.#": "1",
                            "credit_specification.0.cpu_credits": "standard",
                            "disable_api_termination": "false",
                            "ebs_block_device.#": "0",
                            "ebs_optimized": "false",
                            "ephemeral_block_device.#": "0",
                            "get_password_data": "false",
                            "iam_instance_profile": "kube_gothereum_master_profile",
                            "id": "i-00b2aa459453b17a0",
                            "instance_state": "running",
                            "instance_type": "t2.micro",
                            "ipv6_addresses.#": "0",
                            "key_name": "atomic",
                            "monitoring": "false",
                            "network_interface.#": "0",
                            "network_interface_id": "eni-0165e9697e9b81908",
                            "password_data": "",
                            "placement_group": "",
                            "primary_network_interface_id": "eni-0165e9697e9b81908",
                            "private_dns": "ip-10-250-193-73.ec2.internal",
                            "private_ip": "10.250.193.73",
                            "public_dns": "",
                            "public_ip": "",
                            "root_block_device.#": "1",
                            "root_block_device.0.delete_on_termination": "true",
                            "root_block_device.0.iops": "0",
                            "root_block_device.0.volume_id": "vol-04a41718420058f97",
                            "root_block_device.0.volume_size": "6",
                            "root_block_device.0.volume_type": "standard",
                            "security_groups.#": "0",
                            "source_dest_check": "true",
                            "subnet_id": "subnet-03c721caac2946126",
                            "tags.%": "3",
                            "tags.Name": "kubernetes-gothereum-master2",
                            "tags.Role": "master",
                            "tags.kubernetes.io/cluster/gothereum": "member",
                            "tenancy": "default",
                            "volume_tags.%": "0",
                            "vpc_security_group_ids.#": "1",
                            "vpc_security_group_ids.536571595": "sg-09a8f164e48d5c142"
                        },
                        "meta": {
                            "e2bfb730-ecaa-11e6-8f88-34363bc7c4c0": {
                                "create": 600000000000,
                                "delete": 1200000000000,
                                "update": 600000000000
                            },
                            "schema_version": "1"
                        },
                        "tainted": false
                    },
                    "deposed": [],
                    "provider": "provider.aws"
                },
                "aws_instance.k8s-worker.0": {
                    "type": "aws_instance",
                    "depends_on": [
                        "data.aws_ami.distro",
                        "data.aws_availability_zones.available",
                        "module.aws-iam",
                        "module.aws-vpc"
                    ],
                    "primary": {
                        "id": "i-0037aff5700813284",
                        "attributes": {
                            "ami": "ami-223f535d",
                            "associate_public_ip_address": "false",
                            "availability_zone": "us-east-1a",
                            "credit_specification.#": "1",
                            "credit_specification.0.cpu_credits": "standard",
                            "disable_api_termination": "false",
                            "ebs_block_device.#": "0",
                            "ebs_optimized": "false",
                            "ephemeral_block_device.#": "0",
                            "get_password_data": "false",
                            "iam_instance_profile": "kube_gothereum_node_profile",
                            "id": "i-0037aff5700813284",
                            "instance_state": "running",
                            "instance_type": "t2.micro",
                            "ipv6_addresses.#": "0",
                            "key_name": "atomic",
                            "monitoring": "false",
                            "network_interface.#": "0",
                            "network_interface_id": "eni-000a8d789cb24b089",
                            "password_data": "",
                            "placement_group": "",
                            "primary_network_interface_id": "eni-000a8d789cb24b089",
                            "private_dns": "ip-10-250-194-17.ec2.internal",
                            "private_ip": "10.250.194.17",
                            "public_dns": "",
                            "public_ip": "",
                            "root_block_device.#": "1",
                            "root_block_device.0.delete_on_termination": "true",
                            "root_block_device.0.iops": "0",
                            "root_block_device.0.volume_id": "vol-0ebf5bf9f2d643330",
                            "root_block_device.0.volume_size": "6",
                            "root_block_device.0.volume_type": "standard",
                            "security_groups.#": "0",
                            "source_dest_check": "true",
                            "subnet_id": "subnet-03c721caac2946126",
                            "tags.%": "3",
                            "tags.Name": "kubernetes-gothereum-worker0",
                            "tags.Role": "worker",
                            "tags.kubernetes.io/cluster/gothereum": "member",
                            "tenancy": "default",
                            "volume_tags.%": "0",
                            "vpc_security_group_ids.#": "1",
                            "vpc_security_group_ids.536571595": "sg-09a8f164e48d5c142"
                        },
                        "meta": {
                            "e2bfb730-ecaa-11e6-8f88-34363bc7c4c0": {
                                "create": 600000000000,
                                "delete": 1200000000000,
                                "update": 600000000000
                            },
                            "schema_version": "1"
                        },
                        "tainted": false
                    },
                    "deposed": [],
                    "provider": "provider.aws"
                },
                "aws_instance.k8s-worker.1": {
                    "type": "aws_instance",
                    "depends_on": [
                        "data.aws_ami.distro",
                        "data.aws_availability_zones.available",
                        "module.aws-iam",
                        "module.aws-vpc"
                    ],
                    "primary": {
                        "id": "i-03c94bbc8e056e995",
                        "attributes": {
                            "ami": "ami-223f535d",
                            "associate_public_ip_address": "false",
                            "availability_zone": "us-east-1b",
                            "credit_specification.#": "1",
                            "credit_specification.0.cpu_credits": "standard",
                            "disable_api_termination": "false",
                            "ebs_block_device.#": "0",
                            "ebs_optimized": "false",
                            "ephemeral_block_device.#": "0",
                            "get_password_data": "false",
                            "iam_instance_profile": "kube_gothereum_node_profile",
                            "id": "i-03c94bbc8e056e995",
                            "instance_state": "running",
                            "instance_type": "t2.micro",
                            "ipv6_addresses.#": "0",
                            "key_name": "atomic",
                            "monitoring": "false",
                            "network_interface.#": "0",
                            "network_interface_id": "eni-083b0c75bb40756c4",
                            "password_data": "",
                            "placement_group": "",
                            "primary_network_interface_id": "eni-083b0c75bb40756c4",
                            "private_dns": "ip-10-250-215-73.ec2.internal",
                            "private_ip": "10.250.215.73",
                            "public_dns": "",
                            "public_ip": "",
                            "root_block_device.#": "1",
                            "root_block_device.0.delete_on_termination": "true",
                            "root_block_device.0.iops": "0",
                            "root_block_device.0.volume_id": "vol-0574c11621e436660",
                            "root_block_device.0.volume_size": "6",
                            "root_block_device.0.volume_type": "standard",
                            "security_groups.#": "0",
                            "source_dest_check": "true",
                            "subnet_id": "subnet-06ae47de322eafce1",
                            "tags.%": "3",
                            "tags.Name": "kubernetes-gothereum-worker1",
                            "tags.Role": "worker",
                            "tags.kubernetes.io/cluster/gothereum": "member",
                            "tenancy": "default",
                            "volume_tags.%": "0",
                            "vpc_security_group_ids.#": "1",
                            "vpc_security_group_ids.536571595": "sg-09a8f164e48d5c142"
                        },
                        "meta": {
                            "e2bfb730-ecaa-11e6-8f88-34363bc7c4c0": {
                                "create": 600000000000,
                                "delete": 1200000000000,
                                "update": 600000000000
                            },
                            "schema_version": "1"
                        },
                        "tainted": false
                    },
                    "deposed": [],
                    "provider": "provider.aws"
                },
                "aws_instance.k8s-worker.2": {
                    "type": "aws_instance",
                    "depends_on": [
                        "data.aws_ami.distro",
                        "data.aws_availability_zones.available",
                        "module.aws-iam",
                        "module.aws-vpc"
                    ],
                    "primary": {
                        "id": "i-0ee933d518e58105d",
                        "attributes": {
                            "ami": "ami-223f535d",
                            "associate_public_ip_address": "false",
                            "availability_zone": "us-east-1a",
                            "credit_specification.#": "1",
                            "credit_specification.0.cpu_credits": "standard",
                            "disable_api_termination": "false",
                            "ebs_block_device.#": "0",
                            "ebs_optimized": "false",
                            "ephemeral_block_device.#": "0",
                            "get_password_data": "false",
                            "iam_instance_profile": "kube_gothereum_node_profile",
                            "id": "i-0ee933d518e58105d",
                            "instance_state": "running",
                            "instance_type": "t2.micro",
                            "ipv6_addresses.#": "0",
                            "key_name": "atomic",
                            "monitoring": "false",
                            "network_interface.#": "0",
                            "network_interface_id": "eni-092d33c97af71a0aa",
                            "password_data": "",
                            "placement_group": "",
                            "primary_network_interface_id": "eni-092d33c97af71a0aa",
                            "private_dns": "ip-10-250-203-68.ec2.internal",
                            "private_ip": "10.250.203.68",
                            "public_dns": "",
                            "public_ip": "",
                            "root_block_device.#": "1",
                            "root_block_device.0.delete_on_termination": "true",
                            "root_block_device.0.iops": "0",
                            "root_block_device.0.volume_id": "vol-008a14befb74fdac3",
                            "root_block_device.0.volume_size": "6",
                            "root_block_device.0.volume_type": "standard",
                            "security_groups.#": "0",
                            "source_dest_check": "true",
                            "subnet_id": "subnet-03c721caac2946126",
                            "tags.%": "3",
                            "tags.Name": "kubernetes-gothereum-worker2",
                            "tags.Role": "worker",
                            "tags.kubernetes.io/cluster/gothereum": "member",
                            "tenancy": "default",
                            "volume_tags.%": "0",
                            "vpc_security_group_ids.#": "1",
                            "vpc_security_group_ids.536571595": "sg-09a8f164e48d5c142"
                        },
                        "meta": {
                            "e2bfb730-ecaa-11e6-8f88-34363bc7c4c0": {
                                "create": 600000000000,
                                "delete": 1200000000000,
                                "update": 600000000000
                            },
                            "schema_version": "1"
                        },
                        "tainted": false
                    },
                    "deposed": [],
                    "provider": "provider.aws"
                },
                "aws_instance.k8s-worker.3": {
                    "type": "aws_instance",
                    "depends_on": [
                        "data.aws_ami.distro",
                        "data.aws_availability_zones.available",
                        "module.aws-iam",
                        "module.aws-vpc"
                    ],
                    "primary": {
                        "id": "i-0067d35becd56f7bd",
                        "attributes": {
                            "ami": "ami-223f535d",
                            "associate_public_ip_address": "false",
                            "availability_zone": "us-east-1b",
                            "credit_specification.#": "1",
                            "credit_specification.0.cpu_credits": "standard",
                            "disable_api_termination": "false",
                            "ebs_block_device.#": "0",
                            "ebs_optimized": "false",
                            "ephemeral_block_device.#": "0",
                            "get_password_data": "false",
                            "iam_instance_profile": "kube_gothereum_node_profile",
                            "id": "i-0067d35becd56f7bd",
                            "instance_state": "running",
                            "instance_type": "t2.micro",
                            "ipv6_addresses.#": "0",
                            "key_name": "atomic",
                            "monitoring": "false",
                            "network_interface.#": "0",
                            "network_interface_id": "eni-0a2aab70c571d8976",
                            "password_data": "",
                            "placement_group": "",
                            "primary_network_interface_id": "eni-0a2aab70c571d8976",
                            "private_dns": "ip-10-250-211-36.ec2.internal",
                            "private_ip": "10.250.211.36",
                            "public_dns": "",
                            "public_ip": "",
                            "root_block_device.#": "1",
                            "root_block_device.0.delete_on_termination": "true",
                            "root_block_device.0.iops": "0",
                            "root_block_device.0.volume_id": "vol-0cd3b8ae81198bf62",
                            "root_block_device.0.volume_size": "6",
                            "root_block_device.0.volume_type": "standard",
                            "security_groups.#": "0",
                            "source_dest_check": "true",
                            "subnet_id": "subnet-06ae47de322eafce1",
                            "tags.%": "3",
                            "tags.Name": "kubernetes-gothereum-worker3",
                            "tags.Role": "worker",
                            "tags.kubernetes.io/cluster/gothereum": "member",
                            "tenancy": "default",
                            "volume_tags.%": "0",
                            "vpc_security_group_ids.#": "1",
                            "vpc_security_group_ids.536571595": "sg-09a8f164e48d5c142"
                        },
                        "meta": {
                            "e2bfb730-ecaa-11e6-8f88-34363bc7c4c0": {
                                "create": 600000000000,
                                "delete": 1200000000000,
                                "update": 600000000000
                            },
                            "schema_version": "1"
                        },
                        "tainted": false
                    },
                    "deposed": [],
                    "provider": "provider.aws"
                },
                "data.aws_ami.distro": {
                    "type": "aws_ami",
                    "depends_on": [],
                    "primary": {
                        "id": "ami-223f535d",
                        "attributes": {
                            "architecture": "x86_64",
                            "block_device_mappings.#": "1",
                            "block_device_mappings.60200602.device_name": "/dev/sda1",
                            "block_device_mappings.60200602.ebs.%": "6",
                            "block_device_mappings.60200602.ebs.delete_on_termination": "true",
                            "block_device_mappings.60200602.ebs.encrypted": "false",
                            "block_device_mappings.60200602.ebs.iops": "0",
                            "block_device_mappings.60200602.ebs.snapshot_id": "snap-0c3be8d1c67df123c",
                            "block_device_mappings.60200602.ebs.volume_size": "6",
                            "block_device_mappings.60200602.ebs.volume_type": "standard",
                            "block_device_mappings.60200602.no_device": "",
                            "block_device_mappings.60200602.virtual_name": "",
                            "creation_date": "2018-05-28T09:49:13.000Z",
                            "description": "Fedora AMI Description",
                            "filter.#": "2",
                            "filter.2381004638.name": "name",
                            "filter.2381004638.values.#": "1",
                            "filter.2381004638.values.0": "Fedora-AtomicHost-28-20180528.0.x86_64-hvm-us-east-1-standard-0",
                            "filter.490168357.name": "virtualization-type",
                            "filter.490168357.values.#": "1",
                            "filter.490168357.values.0": "hvm",
                            "hypervisor": "xen",
                            "id": "ami-223f535d",
                            "image_id": "ami-223f535d",
                            "image_location": "125523088429/Fedora-AtomicHost-28-20180528.0.x86_64-hvm-us-east-1-standard-0",
                            "image_type": "machine",
                            "most_recent": "true",
                            "name": "Fedora-AtomicHost-28-20180528.0.x86_64-hvm-us-east-1-standard-0",
                            "owner_id": "125523088429",
                            "owners.#": "1",
                            "owners.0": "125523088429",
                            "product_codes.#": "0",
                            "public": "true",
                            "root_device_name": "/dev/sda1",
                            "root_device_type": "ebs",
                            "root_snapshot_id": "snap-0c3be8d1c67df123c",
                            "state": "available",
                            "state_reason.%": "2",
                            "state_reason.code": "UNSET",
                            "state_reason.message": "UNSET",
                            "tags.%": "0",
                            "virtualization_type": "hvm"
                        },
                        "meta": {},
                        "tainted": false
                    },
                    "deposed": [],
                    "provider": "provider.aws"
                },
                "data.aws_availability_zones.available": {
                    "type": "aws_availability_zones",
                    "depends_on": [],
                    "primary": {
                        "id": "2018-06-01 23:15:16.195401093 +0000 UTC",
                        "attributes": {
                            "id": "2018-06-01 23:15:16.195401093 +0000 UTC",
                            "names.#": "6",
                            "names.0": "us-east-1a",
                            "names.1": "us-east-1b",
                            "names.2": "us-east-1c",
                            "names.3": "us-east-1d",
                            "names.4": "us-east-1e",
                            "names.5": "us-east-1f"
                        },
                        "meta": {},
                        "tainted": false
                    },
                    "deposed": [],
                    "provider": "provider.aws"
                },
                "data.template_file.inventory": {
                    "type": "template_file",
                    "depends_on": [
                        "aws_instance.bastion-server.*",
                        "aws_instance.k8s-etcd.*",
                        "aws_instance.k8s-master.*",
                        "aws_instance.k8s-worker.*",
                        "module.aws-elb"
                    ],
                    "primary": {
                        "id": "9219d26fbeaefe6ea6c00825a1c16403fa1daf5d5cbb54a5aa580cff15077108",
                        "attributes": {
                            "id": "9219d26fbeaefe6ea6c00825a1c16403fa1daf5d5cbb54a5aa580cff15077108",
                            "rendered": "[all]\nkubernetes-gothereum-master0 ansible_host=10.250.193.80\nkubernetes-gothereum-master1 ansible_host=10.250.219.51\nkubernetes-gothereum-master2 ansible_host=10.250.193.73\nkubernetes-gothereum-worker0 ansible_host=10.250.194.17\nkubernetes-gothereum-worker1 ansible_host=10.250.215.73\nkubernetes-gothereum-worker2 ansible_host=10.250.203.68\nkubernetes-gothereum-worker3 ansible_host=10.250.211.36\nkubernetes-gothereum-etcd0 ansible_host=10.250.198.127\nkubernetes-gothereum-etcd1 ansible_host=10.250.216.155\nkubernetes-gothereum-etcd2 ansible_host=10.250.203.76\n\n\nbastion ansible_host=34.229.153.207\nbastion ansible_host=54.91.21.87\n\n[kube-master]\nkubernetes-gothereum-master0\nkubernetes-gothereum-master1\nkubernetes-gothereum-master2\n\n\n[kube-node]\nkubernetes-gothereum-worker0\nkubernetes-gothereum-worker1\nkubernetes-gothereum-worker2\nkubernetes-gothereum-worker3\n\n\n[etcd]\nkubernetes-gothereum-etcd0\nkubernetes-gothereum-etcd1\nkubernetes-gothereum-etcd2\n\n\n[k8s-cluster:children]\nkube-node\nkube-master\n\n\n[k8s-cluster:vars]\napiserver_loadbalancer_domain_name=\"kubernetes-elb-gothereum-1903290742.us-east-1.elb.amazonaws.com\"",
                            "template": "[all]\n${connection_strings_master}\n${connection_strings_node}\n${connection_strings_etcd}\n\n\n${public_ip_address_bastion}\n\n[kube-master]\n${list_master}\n\n\n[kube-node]\n${list_node}\n\n\n[etcd]\n${list_etcd}\n\n\n[k8s-cluster:children]\nkube-node\nkube-master\n\n\n[k8s-cluster:vars]\n${elb_api_fqdn}",
                            "vars.%": "8",
                            "vars.connection_strings_etcd": "kubernetes-gothereum-etcd0 ansible_host=10.250.198.127\nkubernetes-gothereum-etcd1 ansible_host=10.250.216.155\nkubernetes-gothereum-etcd2 ansible_host=10.250.203.76",
                            "vars.connection_strings_master": "kubernetes-gothereum-master0 ansible_host=10.250.193.80\nkubernetes-gothereum-master1 ansible_host=10.250.219.51\nkubernetes-gothereum-master2 ansible_host=10.250.193.73",
                            "vars.connection_strings_node": "kubernetes-gothereum-worker0 ansible_host=10.250.194.17\nkubernetes-gothereum-worker1 ansible_host=10.250.215.73\nkubernetes-gothereum-worker2 ansible_host=10.250.203.68\nkubernetes-gothereum-worker3 ansible_host=10.250.211.36",
                            "vars.elb_api_fqdn": "apiserver_loadbalancer_domain_name=\"kubernetes-elb-gothereum-1903290742.us-east-1.elb.amazonaws.com\"",
                            "vars.list_etcd": "kubernetes-gothereum-etcd0\nkubernetes-gothereum-etcd1\nkubernetes-gothereum-etcd2",
                            "vars.list_master": "kubernetes-gothereum-master0\nkubernetes-gothereum-master1\nkubernetes-gothereum-master2",
                            "vars.list_node": "kubernetes-gothereum-worker0\nkubernetes-gothereum-worker1\nkubernetes-gothereum-worker2\nkubernetes-gothereum-worker3",
                            "vars.public_ip_address_bastion": "bastion ansible_host=34.229.153.207\nbastion ansible_host=54.91.21.87"
                        },
                        "meta": {},
                        "tainted": false
                    },
                    "deposed": [],
                    "provider": "provider.template"
                },
                "null_resource.inventories": {
                    "type": "null_resource",
                    "depends_on": [
                        "data.template_file.inventory"
                    ],
                    "primary": {
                        "id": "5182085737509501391",
                        "attributes": {
                            "id": "5182085737509501391",
                            "triggers.%": "1",
                            "triggers.template": "[all]\nkubernetes-gothereum-master0 ansible_host=10.250.193.80\nkubernetes-gothereum-master1 ansible_host=10.250.219.51\nkubernetes-gothereum-master2 ansible_host=10.250.193.73\nkubernetes-gothereum-worker0 ansible_host=10.250.194.17\nkubernetes-gothereum-worker1 ansible_host=10.250.215.73\nkubernetes-gothereum-worker2 ansible_host=10.250.203.68\nkubernetes-gothereum-worker3 ansible_host=10.250.211.36\nkubernetes-gothereum-etcd0 ansible_host=10.250.198.127\nkubernetes-gothereum-etcd1 ansible_host=10.250.216.155\nkubernetes-gothereum-etcd2 ansible_host=10.250.203.76\n\n\nbastion ansible_host=34.229.153.207\nbastion ansible_host=54.91.21.87\n\n[kube-master]\nkubernetes-gothereum-master0\nkubernetes-gothereum-master1\nkubernetes-gothereum-master2\n\n\n[kube-node]\nkubernetes-gothereum-worker0\nkubernetes-gothereum-worker1\nkubernetes-gothereum-worker2\nkubernetes-gothereum-worker3\n\n\n[etcd]\nkubernetes-gothereum-etcd0\nkubernetes-gothereum-etcd1\nkubernetes-gothereum-etcd2\n\n\n[k8s-cluster:children]\nkube-node\nkube-master\n\n\n[k8s-cluster:vars]\napiserver_loadbalancer_domain_name=\"kubernetes-elb-gothereum-1903290742.us-east-1.elb.amazonaws.com\""
                        },
                        "meta": {},
                        "tainted": false
                    },
                    "deposed": [],
                    "provider": "provider.null"
                }
            },
            "depends_on": []
        },
        {
            "path": [
                "root",
                "aws-elb"
            ],
            "outputs": {
                "aws_elb_api_fqdn": {
                    "sensitive": false,
                    "type": "string",
                    "value": "kubernetes-elb-gothereum-1903290742.us-east-1.elb.amazonaws.com"
                },
                "aws_elb_api_id": {
                    "sensitive": false,
                    "type": "string",
                    "value": "kubernetes-elb-gothereum"
                }
            },
            "resources": {
                "aws_elb.aws-elb-api": {
                    "type": "aws_elb",
                    "depends_on": [
                        "aws_security_group.aws-elb"
                    ],
                    "primary": {
                        "id": "kubernetes-elb-gothereum",
                        "attributes": {
                            "access_logs.#": "0",
                            "arn": "arn:aws:elasticloadbalancing:us-east-1:141580903060:loadbalancer/kubernetes-elb-gothereum",
                            "availability_zones.#": "2",
                            "availability_zones.1305112097": "us-east-1b",
                            "availability_zones.3569565595": "us-east-1a",
                            "connection_draining": "true",
                            "connection_draining_timeout": "400",
                            "cross_zone_load_balancing": "true",
                            "dns_name": "kubernetes-elb-gothereum-1903290742.us-east-1.elb.amazonaws.com",
                            "health_check.#": "1",
                            "health_check.0.healthy_threshold": "2",
                            "health_check.0.interval": "30",
                            "health_check.0.target": "TCP:6443",
                            "health_check.0.timeout": "3",
                            "health_check.0.unhealthy_threshold": "2",
                            "id": "kubernetes-elb-gothereum",
                            "idle_timeout": "400",
                            "instances.#": "0",
                            "internal": "false",
                            "listener.#": "1",
                            "listener.3838681924.instance_port": "6443",
                            "listener.3838681924.instance_protocol": "tcp",
                            "listener.3838681924.lb_port": "6443",
                            "listener.3838681924.lb_protocol": "tcp",
                            "listener.3838681924.ssl_certificate_id": "",
                            "name": "kubernetes-elb-gothereum",
                            "security_groups.#": "1",
                            "security_groups.412077668": "sg-0552abda353fd4fbb",
                            "source_security_group": "141580903060/kubernetes-gothereum-securitygroup-elb",
                            "source_security_group_id": "sg-0552abda353fd4fbb",
                            "subnets.#": "2",
                            "subnets.1925386886": "subnet-0c01204510f051fab",
                            "subnets.2276895545": "subnet-08188fc41ecdebaa7",
                            "tags.%": "1",
                            "tags.Name": "kubernetes-gothereum-elb-api",
                            "zone_id": "Z35SXDOTRQ7X7K"
                        },
                        "meta": {},
                        "tainted": false
                    },
                    "deposed": [],
                    "provider": "provider.aws"
                },
                "aws_security_group.aws-elb": {
                    "type": "aws_security_group",
                    "depends_on": [],
                    "primary": {
                        "id": "sg-0552abda353fd4fbb",
                        "attributes": {
                            "arn": "arn:aws:ec2:us-east-1:141580903060:security-group/sg-0552abda353fd4fbb",
                            "description": "Managed by Terraform",
                            "egress.#": "1",
                            "egress.1403647648.cidr_blocks.#": "1",
                            "egress.1403647648.cidr_blocks.0": "0.0.0.0/0",
                            "egress.1403647648.description": "",
                            "egress.1403647648.from_port": "0",
                            "egress.1403647648.ipv6_cidr_blocks.#": "0",
                            "egress.1403647648.prefix_list_ids.#": "0",
                            "egress.1403647648.protocol": "tcp",
                            "egress.1403647648.security_groups.#": "0",
                            "egress.1403647648.self": "false",
                            "egress.1403647648.to_port": "65535",
                            "id": "sg-0552abda353fd4fbb",
                            "ingress.#": "1",
                            "ingress.1463360607.cidr_blocks.#": "1",
                            "ingress.1463360607.cidr_blocks.0": "0.0.0.0/0",
                            "ingress.1463360607.description": "",
                            "ingress.1463360607.from_port": "6443",
                            "ingress.1463360607.ipv6_cidr_blocks.#": "0",
                            "ingress.1463360607.protocol": "tcp",
                            "ingress.1463360607.security_groups.#": "0",
                            "ingress.1463360607.self": "false",
                            "ingress.1463360607.to_port": "6443",
                            "name": "kubernetes-gothereum-securitygroup-elb",
                            "owner_id": "141580903060",
                            "revoke_rules_on_delete": "false",
                            "tags.%": "1",
                            "tags.Name": "kubernetes-gothereum-securitygroup-elb",
                            "vpc_id": "vpc-09c626f103b2c39e3"
                        },
                        "meta": {
                            "e2bfb730-ecaa-11e6-8f88-34363bc7c4c0": {
                                "create": 600000000000,
                                "delete": 600000000000
                            },
                            "schema_version": "1"
                        },
                        "tainted": false
                    },
                    "deposed": [],
                    "provider": "provider.aws"
                },
                "aws_security_group_rule.aws-allow-api-access": {
                    "type": "aws_security_group_rule",
                    "depends_on": [
                        "aws_security_group.aws-elb"
                    ],
                    "primary": {
                        "id": "sgrule-3864038557",
                        "attributes": {
                            "cidr_blocks.#": "1",
                            "cidr_blocks.0": "0.0.0.0/0",
                            "description": "",
                            "from_port": "6443",
                            "id": "sgrule-3864038557",
                            "ipv6_cidr_blocks.#": "0",
                            "prefix_list_ids.#": "0",
                            "protocol": "tcp",
                            "security_group_id": "sg-0552abda353fd4fbb",
                            "self": "false",
                            "to_port": "6443",
                            "type": "ingress"
                        },
                        "meta": {
                            "schema_version": "2"
                        },
                        "tainted": false
                    },
                    "deposed": [],
                    "provider": "provider.aws"
                },
                "aws_security_group_rule.aws-allow-api-egress": {
                    "type": "aws_security_group_rule",
                    "depends_on": [
                        "aws_security_group.aws-elb"
                    ],
                    "primary": {
                        "id": "sgrule-3091923583",
                        "attributes": {
                            "cidr_blocks.#": "1",
                            "cidr_blocks.0": "0.0.0.0/0",
                            "description": "",
                            "from_port": "0",
                            "id": "sgrule-3091923583",
                            "ipv6_cidr_blocks.#": "0",
                            "prefix_list_ids.#": "0",
                            "protocol": "tcp",
                            "security_group_id": "sg-0552abda353fd4fbb",
                            "self": "false",
                            "to_port": "65535",
                            "type": "egress"
                        },
                        "meta": {
                            "schema_version": "2"
                        },
                        "tainted": false
                    },
                    "deposed": [],
                    "provider": "provider.aws"
                }
            },
            "depends_on": []
        },
        {
            "path": [
                "root",
                "aws-iam"
            ],
            "outputs": {
                "kube-master-profile": {
                    "sensitive": false,
                    "type": "string",
                    "value": "kube_gothereum_master_profile"
                },
                "kube-worker-profile": {
                    "sensitive": false,
                    "type": "string",
                    "value": "kube_gothereum_node_profile"
                }
            },
            "resources": {
                "aws_iam_instance_profile.kube-master": {
                    "type": "aws_iam_instance_profile",
                    "depends_on": [
                        "aws_iam_role.kube-master"
                    ],
                    "primary": {
                        "id": "kube_gothereum_master_profile",
                        "attributes": {
                            "arn": "arn:aws:iam::141580903060:instance-profile/kube_gothereum_master_profile",
                            "id": "kube_gothereum_master_profile",
                            "name": "kube_gothereum_master_profile",
                            "path": "/",
                            "role": "kubernetes-gothereum-master",
                            "roles.#": "1",
                            "roles.586246575": "kubernetes-gothereum-master",
                            "unique_id": "AIPAIK2LPJ7ES32TXQKW6"
                        },
                        "meta": {},
                        "tainted": false
                    },
                    "deposed": [],
                    "provider": "provider.aws"
                },
                "aws_iam_instance_profile.kube-worker": {
                    "type": "aws_iam_instance_profile",
                    "depends_on": [
                        "aws_iam_role.kube-worker"
                    ],
                    "primary": {
                        "id": "kube_gothereum_node_profile",
                        "attributes": {
                            "arn": "arn:aws:iam::141580903060:instance-profile/kube_gothereum_node_profile",
                            "id": "kube_gothereum_node_profile",
                            "name": "kube_gothereum_node_profile",
                            "path": "/",
                            "role": "kubernetes-gothereum-node",
                            "roles.#": "1",
                            "roles.3567044760": "kubernetes-gothereum-node",
                            "unique_id": "AIPAJEC6ZEBRMY5Z3UB7C"
                        },
                        "meta": {},
                        "tainted": false
                    },
                    "deposed": [],
                    "provider": "provider.aws"
                },
                "aws_iam_role.kube-master": {
                    "type": "aws_iam_role",
                    "depends_on": [],
                    "primary": {
                        "id": "kubernetes-gothereum-master",
                        "attributes": {
                            "arn": "arn:aws:iam::141580903060:role/kubernetes-gothereum-master",
                            "assume_role_policy": "{\"Version\":\"2012-10-17\",\"Statement\":[{\"Effect\":\"Allow\",\"Principal\":{\"Service\":\"ec2.amazonaws.com\"},\"Action\":\"sts:AssumeRole\"}]}",
                            "create_date": "2018-06-01T22:40:28Z",
                            "force_detach_policies": "false",
                            "id": "kubernetes-gothereum-master",
                            "max_session_duration": "3600",
                            "name": "kubernetes-gothereum-master",
                            "path": "/",
                            "unique_id": "AROAIRFR77UKB2L4Q34MI"
                        },
                        "meta": {},
                        "tainted": false
                    },
                    "deposed": [],
                    "provider": "provider.aws"
                },
                "aws_iam_role.kube-worker": {
                    "type": "aws_iam_role",
                    "depends_on": [],
                    "primary": {
                        "id": "kubernetes-gothereum-node",
                        "attributes": {
                            "arn": "arn:aws:iam::141580903060:role/kubernetes-gothereum-node",
                            "assume_role_policy": "{\"Version\":\"2012-10-17\",\"Statement\":[{\"Effect\":\"Allow\",\"Principal\":{\"Service\":\"ec2.amazonaws.com\"},\"Action\":\"sts:AssumeRole\"}]}",
                            "create_date": "2018-06-01T22:40:29Z",
                            "force_detach_policies": "false",
                            "id": "kubernetes-gothereum-node",
                            "max_session_duration": "3600",
                            "name": "kubernetes-gothereum-node",
                            "path": "/",
                            "unique_id": "AROAJWEFXYK4H5ATOEC5K"
                        },
                        "meta": {},
                        "tainted": false
                    },
                    "deposed": [],
                    "provider": "provider.aws"
                },
                "aws_iam_role_policy.kube-master": {
                    "type": "aws_iam_role_policy",
                    "depends_on": [
                        "aws_iam_role.kube-master"
                    ],
                    "primary": {
                        "id": "kubernetes-gothereum-master:kubernetes-gothereum-master",
                        "attributes": {
                            "id": "kubernetes-gothereum-master:kubernetes-gothereum-master",
                            "name": "kubernetes-gothereum-master",
                            "policy": "{\n  \"Version\": \"2012-10-17\",\n  \"Statement\": [\n    {\n      \"Effect\": \"Allow\",\n      \"Action\": [\"ec2:*\"],\n      \"Resource\": [\"*\"]\n    },\n    {\n      \"Effect\": \"Allow\",\n      \"Action\": [\"elasticloadbalancing:*\"],\n      \"Resource\": [\"*\"]\n    },\n    {\n      \"Effect\": \"Allow\",\n      \"Action\": [\"route53:*\"],\n      \"Resource\": [\"*\"]\n    },\n    {\n      \"Effect\": \"Allow\",\n      \"Action\": \"s3:*\",\n      \"Resource\": [\n        \"arn:aws:s3:::kubernetes-*\"\n      ]\n    }\n  ]\n}\n",
                            "role": "kubernetes-gothereum-master"
                        },
                        "meta": {},
                        "tainted": false
                    },
                    "deposed": [],
                    "provider": "provider.aws"
                },
                "aws_iam_role_policy.kube-worker": {
                    "type": "aws_iam_role_policy",
                    "depends_on": [
                        "aws_iam_role.kube-worker"
                    ],
                    "primary": {
                        "id": "kubernetes-gothereum-node:kubernetes-gothereum-node",
                        "attributes": {
                            "id": "kubernetes-gothereum-node:kubernetes-gothereum-node",
                            "name": "kubernetes-gothereum-node",
                            "policy": "{\n  \"Version\": \"2012-10-17\",\n  \"Statement\": [\n        {\n          \"Effect\": \"Allow\",\n          \"Action\": \"s3:*\",\n          \"Resource\": [\n            \"arn:aws:s3:::kubernetes-*\"\n          ]\n        },\n        {\n          \"Effect\": \"Allow\",\n          \"Action\": \"ec2:Describe*\",\n          \"Resource\": \"*\"\n        },\n        {\n          \"Effect\": \"Allow\",\n          \"Action\": \"ec2:AttachVolume\",\n          \"Resource\": \"*\"\n        },\n        {\n          \"Effect\": \"Allow\",\n          \"Action\": \"ec2:DetachVolume\",\n          \"Resource\": \"*\"\n        },\n        {\n          \"Effect\": \"Allow\",\n          \"Action\": [\"route53:*\"],\n          \"Resource\": [\"*\"]\n        },\n        {\n          \"Effect\": \"Allow\",\n          \"Action\": [\n            \"ecr:GetAuthorizationToken\",\n            \"ecr:BatchCheckLayerAvailability\",\n            \"ecr:GetDownloadUrlForLayer\",\n            \"ecr:GetRepositoryPolicy\",\n            \"ecr:DescribeRepositories\",\n            \"ecr:ListImages\",\n            \"ecr:BatchGetImage\"\n          ],\n          \"Resource\": \"*\"\n        }\n      ]\n}\n",
                            "role": "kubernetes-gothereum-node"
                        },
                        "meta": {},
                        "tainted": false
                    },
                    "deposed": [],
                    "provider": "provider.aws"
                }
            },
            "depends_on": []
        },
        {
            "path": [
                "root",
                "aws-vpc"
            ],
            "outputs": {
                "aws_security_group": {
                    "sensitive": false,
                    "type": "list",
                    "value": [
                        "sg-09a8f164e48d5c142"
                    ]
                },
                "aws_subnet_ids_private": {
                    "sensitive": false,
                    "type": "list",
                    "value": [
                        "subnet-03c721caac2946126",
                        "subnet-06ae47de322eafce1"
                    ]
                },
                "aws_subnet_ids_public": {
                    "sensitive": false,
                    "type": "list",
                    "value": [
                        "subnet-0c01204510f051fab",
                        "subnet-08188fc41ecdebaa7"
                    ]
                },
                "aws_vpc_id": {
                    "sensitive": false,
                    "type": "string",
                    "value": "vpc-09c626f103b2c39e3"
                },
                "default_tags": {
                    "sensitive": false,
                    "type": "map",
                    "value": {}
                }
            },
            "resources": {
                "aws_eip.cluster-nat-eip.0": {
                    "type": "aws_eip",
                    "depends_on": [],
                    "primary": {
                        "id": "eipalloc-00fefdf97331f42af",
                        "attributes": {
                            "association_id": "eipassoc-08d785d2",
                            "domain": "vpc",
                            "id": "eipalloc-00fefdf97331f42af",
                            "instance": "",
                            "network_interface": "eni-6a377afb",
                            "private_ip": "10.250.238.29",
                            "public_ip": "18.232.16.28",
                            "tags.%": "0",
                            "vpc": "true"
                        },
                        "meta": {
                            "e2bfb730-ecaa-11e6-8f88-34363bc7c4c0": {
                                "delete": 180000000000,
                                "read": 900000000000,
                                "update": 300000000000
                            }
                        },
                        "tainted": false
                    },
                    "deposed": [],
                    "provider": "provider.aws"
                },
                "aws_eip.cluster-nat-eip.1": {
                    "type": "aws_eip",
                    "depends_on": [],
                    "primary": {
                        "id": "eipalloc-09bac23a58d01782c",
                        "attributes": {
                            "association_id": "eipassoc-41cebdea",
                            "domain": "vpc",
                            "id": "eipalloc-09bac23a58d01782c",
                            "instance": "",
                            "network_interface": "eni-c2e8d959",
                            "private_ip": "10.250.243.60",
                            "public_ip": "54.209.42.2",
                            "tags.%": "0",
                            "vpc": "true"
                        },
                        "meta": {
                            "e2bfb730-ecaa-11e6-8f88-34363bc7c4c0": {
                                "delete": 180000000000,
                                "read": 900000000000,
                                "update": 300000000000
                            }
                        },
                        "tainted": false
                    },
                    "deposed": [],
                    "provider": "provider.aws"
                },
                "aws_internet_gateway.cluster-vpc-internetgw": {
                    "type": "aws_internet_gateway",
                    "depends_on": [
                        "aws_vpc.cluster-vpc"
                    ],
                    "primary": {
                        "id": "igw-0da20300c72c24a7d",
                        "attributes": {
                            "id": "igw-0da20300c72c24a7d",
                            "tags.%": "1",
                            "tags.Name": "kubernetes-gothereum-internetgw",
                            "vpc_id": "vpc-09c626f103b2c39e3"
                        },
                        "meta": {},
                        "tainted": false
                    },
                    "deposed": [],
                    "provider": "provider.aws"
                },
                "aws_nat_gateway.cluster-nat-gateway.0": {
                    "type": "aws_nat_gateway",
                    "depends_on": [
                        "aws_eip.cluster-nat-eip.*",
                        "aws_subnet.cluster-vpc-subnets-public.*"
                    ],
                    "primary": {
                        "id": "nat-0f87e19ca784681a1",
                        "attributes": {
                            "allocation_id": "eipalloc-00fefdf97331f42af",
                            "id": "nat-0f87e19ca784681a1",
                            "network_interface_id": "eni-6a377afb",
                            "private_ip": "10.250.238.29",
                            "public_ip": "18.232.16.28",
                            "subnet_id": "subnet-0c01204510f051fab",
                            "tags.%": "0"
                        },
                        "meta": {},
                        "tainted": false
                    },
                    "deposed": [],
                    "provider": "provider.aws"
                },
                "aws_nat_gateway.cluster-nat-gateway.1": {
                    "type": "aws_nat_gateway",
                    "depends_on": [
                        "aws_eip.cluster-nat-eip.*",
                        "aws_subnet.cluster-vpc-subnets-public.*"
                    ],
                    "primary": {
                        "id": "nat-0ce454ee053b8ab45",
                        "attributes": {
                            "allocation_id": "eipalloc-09bac23a58d01782c",
                            "id": "nat-0ce454ee053b8ab45",
                            "network_interface_id": "eni-c2e8d959",
                            "private_ip": "10.250.243.60",
                            "public_ip": "54.209.42.2",
                            "subnet_id": "subnet-08188fc41ecdebaa7",
                            "tags.%": "0"
                        },
                        "meta": {},
                        "tainted": false
                    },
                    "deposed": [],
                    "provider": "provider.aws"
                },
                "aws_route_table.kubernetes-private.0": {
                    "type": "aws_route_table",
                    "depends_on": [
                        "aws_nat_gateway.cluster-nat-gateway.*",
                        "aws_vpc.cluster-vpc"
                    ],
                    "primary": {
                        "id": "rtb-07d6c563fd467b156",
                        "attributes": {
                            "id": "rtb-07d6c563fd467b156",
                            "propagating_vgws.#": "0",
                            "route.#": "1",
                            "route.3347114709.cidr_block": "0.0.0.0/0",
                            "route.3347114709.egress_only_gateway_id": "",
                            "route.3347114709.gateway_id": "",
                            "route.3347114709.instance_id": "",
                            "route.3347114709.ipv6_cidr_block": "",
                            "route.3347114709.nat_gateway_id": "nat-0f87e19ca784681a1",
                            "route.3347114709.network_interface_id": "",
                            "route.3347114709.vpc_peering_connection_id": "",
                            "tags.%": "1",
                            "tags.Name": "kubernetes-gothereum-routetable-private-0",
                            "vpc_id": "vpc-09c626f103b2c39e3"
                        },
                        "meta": {},
                        "tainted": false
                    },
                    "deposed": [],
                    "provider": "provider.aws"
                },
                "aws_route_table.kubernetes-private.1": {
                    "type": "aws_route_table",
                    "depends_on": [
                        "aws_nat_gateway.cluster-nat-gateway.*",
                        "aws_vpc.cluster-vpc"
                    ],
                    "primary": {
                        "id": "rtb-026a2b4b3e35a9728",
                        "attributes": {
                            "id": "rtb-026a2b4b3e35a9728",
                            "propagating_vgws.#": "0",
                            "route.#": "1",
                            "route.3414578096.cidr_block": "0.0.0.0/0",
                            "route.3414578096.egress_only_gateway_id": "",
                            "route.3414578096.gateway_id": "",
                            "route.3414578096.instance_id": "",
                            "route.3414578096.ipv6_cidr_block": "",
                            "route.3414578096.nat_gateway_id": "nat-0ce454ee053b8ab45",
                            "route.3414578096.network_interface_id": "",
                            "route.3414578096.vpc_peering_connection_id": "",
                            "tags.%": "1",
                            "tags.Name": "kubernetes-gothereum-routetable-private-1",
                            "vpc_id": "vpc-09c626f103b2c39e3"
                        },
                        "meta": {},
                        "tainted": false
                    },
                    "deposed": [],
                    "provider": "provider.aws"
                },
                "aws_route_table.kubernetes-public": {
                    "type": "aws_route_table",
                    "depends_on": [
                        "aws_internet_gateway.cluster-vpc-internetgw",
                        "aws_vpc.cluster-vpc"
                    ],
                    "primary": {
                        "id": "rtb-05d72e1628694d005",
                        "attributes": {
                            "id": "rtb-05d72e1628694d005",
                            "propagating_vgws.#": "0",
                            "route.#": "1",
                            "route.2131292493.cidr_block": "0.0.0.0/0",
                            "route.2131292493.egress_only_gateway_id": "",
                            "route.2131292493.gateway_id": "igw-0da20300c72c24a7d",
                            "route.2131292493.instance_id": "",
                            "route.2131292493.ipv6_cidr_block": "",
                            "route.2131292493.nat_gateway_id": "",
                            "route.2131292493.network_interface_id": "",
                            "route.2131292493.vpc_peering_connection_id": "",
                            "tags.%": "1",
                            "tags.Name": "kubernetes-gothereum-routetable-public",
                            "vpc_id": "vpc-09c626f103b2c39e3"
                        },
                        "meta": {},
                        "tainted": false
                    },
                    "deposed": [],
                    "provider": "provider.aws"
                },
                "aws_route_table_association.kubernetes-private.0": {
                    "type": "aws_route_table_association",
                    "depends_on": [
                        "aws_route_table.kubernetes-private.*",
                        "aws_subnet.cluster-vpc-subnets-private.*"
                    ],
                    "primary": {
                        "id": "rtbassoc-0e334c0557d2f9011",
                        "attributes": {
                            "id": "rtbassoc-0e334c0557d2f9011",
                            "route_table_id": "rtb-07d6c563fd467b156",
                            "subnet_id": "subnet-03c721caac2946126"
                        },
                        "meta": {},
                        "tainted": false
                    },
                    "deposed": [],
                    "provider": "provider.aws"
                },
                "aws_route_table_association.kubernetes-private.1": {
                    "type": "aws_route_table_association",
                    "depends_on": [
                        "aws_route_table.kubernetes-private.*",
                        "aws_subnet.cluster-vpc-subnets-private.*"
                    ],
                    "primary": {
                        "id": "rtbassoc-089cd538da2d6a96e",
                        "attributes": {
                            "id": "rtbassoc-089cd538da2d6a96e",
                            "route_table_id": "rtb-026a2b4b3e35a9728",
                            "subnet_id": "subnet-06ae47de322eafce1"
                        },
                        "meta": {},
                        "tainted": false
                    },
                    "deposed": [],
                    "provider": "provider.aws"
                },
                "aws_route_table_association.kubernetes-public.0": {
                    "type": "aws_route_table_association",
                    "depends_on": [
                        "aws_route_table.kubernetes-public",
                        "aws_subnet.cluster-vpc-subnets-public.*"
                    ],
                    "primary": {
                        "id": "rtbassoc-0cb27f932bd0523eb",
                        "attributes": {
                            "id": "rtbassoc-0cb27f932bd0523eb",
                            "route_table_id": "rtb-05d72e1628694d005",
                            "subnet_id": "subnet-0c01204510f051fab"
                        },
                        "meta": {},
                        "tainted": false
                    },
                    "deposed": [],
                    "provider": "provider.aws"
                },
                "aws_route_table_association.kubernetes-public.1": {
                    "type": "aws_route_table_association",
                    "depends_on": [
                        "aws_route_table.kubernetes-public",
                        "aws_subnet.cluster-vpc-subnets-public.*"
                    ],
                    "primary": {
                        "id": "rtbassoc-0c06039ab8132981b",
                        "attributes": {
                            "id": "rtbassoc-0c06039ab8132981b",
                            "route_table_id": "rtb-05d72e1628694d005",
                            "subnet_id": "subnet-08188fc41ecdebaa7"
                        },
                        "meta": {},
                        "tainted": false
                    },
                    "deposed": [],
                    "provider": "provider.aws"
                },
                "aws_security_group.kubernetes": {
                    "type": "aws_security_group",
                    "depends_on": [
                        "aws_vpc.cluster-vpc"
                    ],
                    "primary": {
                        "id": "sg-09a8f164e48d5c142",
                        "attributes": {
                            "arn": "arn:aws:ec2:us-east-1:141580903060:security-group/sg-09a8f164e48d5c142",
                            "description": "Managed by Terraform",
                            "egress.#": "1",
                            "egress.482069346.cidr_blocks.#": "1",
                            "egress.482069346.cidr_blocks.0": "0.0.0.0/0",
                            "egress.482069346.description": "",
                            "egress.482069346.from_port": "0",
                            "egress.482069346.ipv6_cidr_blocks.#": "0",
                            "egress.482069346.prefix_list_ids.#": "0",
                            "egress.482069346.protocol": "-1",
                            "egress.482069346.security_groups.#": "0",
                            "egress.482069346.self": "false",
                            "egress.482069346.to_port": "0",
                            "id": "sg-09a8f164e48d5c142",
                            "ingress.#": "2",
                            "ingress.2503568953.cidr_blocks.#": "1",
                            "ingress.2503568953.cidr_blocks.0": "10.250.192.0/18",
                            "ingress.2503568953.description": "",
                            "ingress.2503568953.from_port": "0",
                            "ingress.2503568953.ipv6_cidr_blocks.#": "0",
                            "ingress.2503568953.protocol": "-1",
                            "ingress.2503568953.security_groups.#": "0",
                            "ingress.2503568953.self": "false",
                            "ingress.2503568953.to_port": "0",
                            "ingress.2541437006.cidr_blocks.#": "1",
                            "ingress.2541437006.cidr_blocks.0": "0.0.0.0/0",
                            "ingress.2541437006.description": "",
                            "ingress.2541437006.from_port": "22",
                            "ingress.2541437006.ipv6_cidr_blocks.#": "0",
                            "ingress.2541437006.protocol": "tcp",
                            "ingress.2541437006.security_groups.#": "0",
                            "ingress.2541437006.self": "false",
                            "ingress.2541437006.to_port": "22",
                            "name": "kubernetes-gothereum-securitygroup",
                            "owner_id": "141580903060",
                            "revoke_rules_on_delete": "false",
                            "tags.%": "1",
                            "tags.Name": "kubernetes-gothereum-securitygroup",
                            "vpc_id": "vpc-09c626f103b2c39e3"
                        },
                        "meta": {
                            "e2bfb730-ecaa-11e6-8f88-34363bc7c4c0": {
                                "create": 600000000000,
                                "delete": 600000000000
                            },
                            "schema_version": "1"
                        },
                        "tainted": false
                    },
                    "deposed": [],
                    "provider": "provider.aws"
                },
                "aws_security_group_rule.allow-all-egress": {
                    "type": "aws_security_group_rule",
                    "depends_on": [
                        "aws_security_group.kubernetes"
                    ],
                    "primary": {
                        "id": "sgrule-2654288348",
                        "attributes": {
                            "cidr_blocks.#": "1",
                            "cidr_blocks.0": "0.0.0.0/0",
                            "description": "",
                            "from_port": "0",
                            "id": "sgrule-2654288348",
                            "ipv6_cidr_blocks.#": "0",
                            "prefix_list_ids.#": "0",
                            "protocol": "-1",
                            "security_group_id": "sg-09a8f164e48d5c142",
                            "self": "false",
                            "to_port": "65535",
                            "type": "egress"
                        },
                        "meta": {
                            "schema_version": "2"
                        },
                        "tainted": false
                    },
                    "deposed": [],
                    "provider": "provider.aws"
                },
                "aws_security_group_rule.allow-all-ingress": {
                    "type": "aws_security_group_rule",
                    "depends_on": [
                        "aws_security_group.kubernetes"
                    ],
                    "primary": {
                        "id": "sgrule-3003190344",
                        "attributes": {
                            "cidr_blocks.#": "1",
                            "cidr_blocks.0": "10.250.192.0/18",
                            "description": "",
                            "from_port": "0",
                            "id": "sgrule-3003190344",
                            "ipv6_cidr_blocks.#": "0",
                            "prefix_list_ids.#": "0",
                            "protocol": "-1",
                            "security_group_id": "sg-09a8f164e48d5c142",
                            "self": "false",
                            "to_port": "65535",
                            "type": "ingress"
                        },
                        "meta": {
                            "schema_version": "2"
                        },
                        "tainted": false
                    },
                    "deposed": [],
                    "provider": "provider.aws"
                },
                "aws_security_group_rule.allow-ssh-connections": {
                    "type": "aws_security_group_rule",
                    "depends_on": [
                        "aws_security_group.kubernetes"
                    ],
                    "primary": {
                        "id": "sgrule-2402263527",
                        "attributes": {
                            "cidr_blocks.#": "1",
                            "cidr_blocks.0": "0.0.0.0/0",
                            "description": "",
                            "from_port": "22",
                            "id": "sgrule-2402263527",
                            "ipv6_cidr_blocks.#": "0",
                            "prefix_list_ids.#": "0",
                            "protocol": "tcp",
                            "security_group_id": "sg-09a8f164e48d5c142",
                            "self": "false",
                            "to_port": "22",
                            "type": "ingress"
                        },
                        "meta": {
                            "schema_version": "2"
                        },
                        "tainted": false
                    },
                    "deposed": [],
                    "provider": "provider.aws"
                },
                "aws_subnet.cluster-vpc-subnets-private.0": {
                    "type": "aws_subnet",
                    "depends_on": [
                        "aws_vpc.cluster-vpc"
                    ],
                    "primary": {
                        "id": "subnet-03c721caac2946126",
                        "attributes": {
                            "assign_ipv6_address_on_creation": "false",
                            "availability_zone": "us-east-1a",
                            "cidr_block": "10.250.192.0/20",
                            "id": "subnet-03c721caac2946126",
                            "map_public_ip_on_launch": "false",
                            "tags.%": "1",
                            "tags.Name": "kubernetes-gothereum-us-east-1a-private",
                            "vpc_id": "vpc-09c626f103b2c39e3"
                        },
                        "meta": {
                            "schema_version": "1"
                        },
                        "tainted": false
                    },
                    "deposed": [],
                    "provider": "provider.aws"
                },
                "aws_subnet.cluster-vpc-subnets-private.1": {
                    "type": "aws_subnet",
                    "depends_on": [
                        "aws_vpc.cluster-vpc"
                    ],
                    "primary": {
                        "id": "subnet-06ae47de322eafce1",
                        "attributes": {
                            "assign_ipv6_address_on_creation": "false",
                            "availability_zone": "us-east-1b",
                            "cidr_block": "10.250.208.0/20",
                            "id": "subnet-06ae47de322eafce1",
                            "map_public_ip_on_launch": "false",
                            "tags.%": "1",
                            "tags.Name": "kubernetes-gothereum-us-east-1b-private",
                            "vpc_id": "vpc-09c626f103b2c39e3"
                        },
                        "meta": {
                            "schema_version": "1"
                        },
                        "tainted": false
                    },
                    "deposed": [],
                    "provider": "provider.aws"
                },
                "aws_subnet.cluster-vpc-subnets-public.0": {
                    "type": "aws_subnet",
                    "depends_on": [
                        "aws_vpc.cluster-vpc"
                    ],
                    "primary": {
                        "id": "subnet-0c01204510f051fab",
                        "attributes": {
                            "assign_ipv6_address_on_creation": "false",
                            "availability_zone": "us-east-1a",
                            "cidr_block": "10.250.224.0/20",
                            "id": "subnet-0c01204510f051fab",
                            "map_public_ip_on_launch": "false",
                            "tags.%": "2",
                            "tags.Name": "kubernetes-gothereum-us-east-1a-public",
                            "tags.kubernetes.io/cluster/gothereum": "member",
                            "vpc_id": "vpc-09c626f103b2c39e3"
                        },
                        "meta": {
                            "schema_version": "1"
                        },
                        "tainted": false
                    },
                    "deposed": [],
                    "provider": "provider.aws"
                },
                "aws_subnet.cluster-vpc-subnets-public.1": {
                    "type": "aws_subnet",
                    "depends_on": [
                        "aws_vpc.cluster-vpc"
                    ],
                    "primary": {
                        "id": "subnet-08188fc41ecdebaa7",
                        "attributes": {
                            "assign_ipv6_address_on_creation": "false",
                            "availability_zone": "us-east-1b",
                            "cidr_block": "10.250.240.0/20",
                            "id": "subnet-08188fc41ecdebaa7",
                            "map_public_ip_on_launch": "false",
                            "tags.%": "2",
                            "tags.Name": "kubernetes-gothereum-us-east-1b-public",
                            "tags.kubernetes.io/cluster/gothereum": "member",
                            "vpc_id": "vpc-09c626f103b2c39e3"
                        },
                        "meta": {
                            "schema_version": "1"
                        },
                        "tainted": false
                    },
                    "deposed": [],
                    "provider": "provider.aws"
                },
                "aws_vpc.cluster-vpc": {
                    "type": "aws_vpc",
                    "depends_on": [],
                    "primary": {
                        "id": "vpc-09c626f103b2c39e3",
                        "attributes": {
                            "assign_generated_ipv6_cidr_block": "false",
                            "cidr_block": "10.250.192.0/18",
                            "default_network_acl_id": "acl-0aac90cb56256f2a3",
                            "default_route_table_id": "rtb-0d135d19c2c724c16",
                            "default_security_group_id": "sg-02af80a49a000b915",
                            "dhcp_options_id": "dopt-d60aaaad",
                            "enable_classiclink": "false",
                            "enable_classiclink_dns_support": "false",
                            "enable_dns_hostnames": "true",
                            "enable_dns_support": "true",
                            "id": "vpc-09c626f103b2c39e3",
                            "instance_tenancy": "default",
                            "main_route_table_id": "rtb-0d135d19c2c724c16",
                            "tags.%": "1",
                            "tags.Name": "kubernetes-gothereum-vpc"
                        },
                        "meta": {
                            "schema_version": "1"
                        },
                        "tainted": false
                    },
                    "deposed": [],
                    "provider": "provider.aws"
                }
            },
            "depends_on": []
        }
    ]
}
